// !$*UTF8*$!
{
	archiveVersion = 1;
	classes = {
	};
	objectVersion = 46;
	objects = {

/* Begin PBXBuildFile section */
		E1BE1CE01E895198003B5360 /* AppDelegate.swift in Sources */ = {isa = PBXBuildFile; fileRef = E1BE1CDF1E895198003B5360 /* AppDelegate.swift */; };
		E1BE1CE21E895198003B5360 /* ViewController.swift in Sources */ = {isa = PBXBuildFile; fileRef = E1BE1CE11E895198003B5360 /* ViewController.swift */; };
		E1BE1CE51E895198003B5360 /* Main.storyboard in Resources */ = {isa = PBXBuildFile; fileRef = E1BE1CE31E895198003B5360 /* Main.storyboard */; };
		E1BE1CE71E895198003B5360 /* Assets.xcassets in Resources */ = {isa = PBXBuildFile; fileRef = E1BE1CE61E895198003B5360 /* Assets.xcassets */; };
		E1BE1CEA1E895198003B5360 /* LaunchScreen.storyboard in Resources */ = {isa = PBXBuildFile; fileRef = E1BE1CE81E895198003B5360 /* LaunchScreen.storyboard */; };
		E1BE1CF51E895198003B5360 /* LabTests.swift in Sources */ = {isa = PBXBuildFile; fileRef = E1BE1CF41E895198003B5360 /* LabTests.swift */; };
		E1BE1D001E895198003B5360 /* LabUITests.swift in Sources */ = {isa = PBXBuildFile; fileRef = E1BE1CFF1E895198003B5360 /* LabUITests.swift */; };
/* End PBXBuildFile section */

/* Begin PBXContainerItemProxy section */
		E1BE1CF11E895198003B5360 /* PBXContainerItemProxy */ = {
			isa = PBXContainerItemProxy;
			containerPortal = E1BE1CD41E895198003B5360 /* Project object */;
			proxyType = 1;
			remoteGlobalIDString = E1BE1CDB1E895198003B5360;
			remoteInfo = Lab;
		};
		E1BE1CFC1E895198003B5360 /* PBXContainerItemProxy */ = {
			isa = PBXContainerItemProxy;
			containerPortal = E1BE1CD41E895198003B5360 /* Project object */;
			proxyType = 1;
			remoteGlobalIDString = E1BE1CDB1E895198003B5360;
			remoteInfo = Lab;
		};
/* End PBXContainerItemProxy section */

/* Begin PBXFileReference section */
		E1BE1CDC1E895198003B5360 /* Lab.app */ = {isa = PBXFileReference; explicitFileType = wrapper.application; includeInIndex = 0; path = Lab.app; sourceTree = BUILT_PRODUCTS_DIR; };
		E1BE1CDF1E895198003B5360 /* AppDelegate.swift */ = {isa = PBXFileReference; lastKnownFileType = sourcecode.swift; path = AppDelegate.swift; sourceTree = "<group>"; };
		E1BE1CE11E895198003B5360 /* ViewController.swift */ = {isa = PBXFileReference; lastKnownFileType = sourcecode.swift; path = ViewController.swift; sourceTree = "<group>"; };
		E1BE1CE41E895198003B5360 /* Base */ = {isa = PBXFileReference; lastKnownFileType = file.storyboard; name = Base; path = Base.lproj/Main.storyboard; sourceTree = "<group>"; };
		E1BE1CE61E895198003B5360 /* Assets.xcassets */ = {isa = PBXFileReference; lastKnownFileType = folder.assetcatalog; path = Assets.xcassets; sourceTree = "<group>"; };
		E1BE1CE91E895198003B5360 /* Base */ = {isa = PBXFileReference; lastKnownFileType = file.storyboard; name = Base; path = Base.lproj/LaunchScreen.storyboard; sourceTree = "<group>"; };
		E1BE1CEB1E895198003B5360 /* Info.plist */ = {isa = PBXFileReference; lastKnownFileType = text.plist.xml; path = Info.plist; sourceTree = "<group>"; };
		E1BE1CF01E895198003B5360 /* LabTests.xctest */ = {isa = PBXFileReference; explicitFileType = wrapper.cfbundle; includeInIndex = 0; path = LabTests.xctest; sourceTree = BUILT_PRODUCTS_DIR; };
		E1BE1CF41E895198003B5360 /* LabTests.swift */ = {isa = PBXFileReference; lastKnownFileType = sourcecode.swift; path = LabTests.swift; sourceTree = "<group>"; };
		E1BE1CF61E895198003B5360 /* Info.plist */ = {isa = PBXFileReference; lastKnownFileType = text.plist.xml; path = Info.plist; sourceTree = "<group>"; };
		E1BE1CFB1E895198003B5360 /* LabUITests.xctest */ = {isa = PBXFileReference; explicitFileType = wrapper.cfbundle; includeInIndex = 0; path = LabUITests.xctest; sourceTree = BUILT_PRODUCTS_DIR; };
		E1BE1CFF1E895198003B5360 /* LabUITests.swift */ = {isa = PBXFileReference; lastKnownFileType = sourcecode.swift; path = LabUITests.swift; sourceTree = "<group>"; };
		E1BE1D011E895198003B5360 /* Info.plist */ = {isa = PBXFileReference; lastKnownFileType = text.plist.xml; path = Info.plist; sourceTree = "<group>"; };
/* End PBXFileReference section */

/* Begin PBXFrameworksBuildPhase section */
		E1BE1CD91E895198003B5360 /* Frameworks */ = {
			isa = PBXFrameworksBuildPhase;
			buildActionMask = 2147483647;
			files = (
			);
			runOnlyForDeploymentPostprocessing = 0;
		};
		E1BE1CED1E895198003B5360 /* Frameworks */ = {
			isa = PBXFrameworksBuildPhase;
			buildActionMask = 2147483647;
			files = (
			);
			runOnlyForDeploymentPostprocessing = 0;
		};
		E1BE1CF81E895198003B5360 /* Frameworks */ = {
			isa = PBXFrameworksBuildPhase;
			buildActionMask = 2147483647;
			files = (
			);
			runOnlyForDeploymentPostprocessing = 0;
		};
/* End PBXFrameworksBuildPhase section */

/* Begin PBXGroup section */
		E1BE1CD31E895198003B5360 = {
			isa = PBXGroup;
			children = (
				E1BE1CDE1E895198003B5360 /* Lab */,
				E1BE1CF31E895198003B5360 /* LabTests */,
				E1BE1CFE1E895198003B5360 /* LabUITests */,
				E1BE1CDD1E895198003B5360 /* Products */,
			);
			sourceTree = "<group>";
		};
		E1BE1CDD1E895198003B5360 /* Products */ = {
			isa = PBXGroup;
			children = (
				E1BE1CDC1E895198003B5360 /* Lab.app */,
				E1BE1CF01E895198003B5360 /* LabTests.xctest */,
				E1BE1CFB1E895198003B5360 /* LabUITests.xctest */,
			);
			name = Products;
			sourceTree = "<group>";
		};
		E1BE1CDE1E895198003B5360 /* Lab */ = {
			isa = PBXGroup;
			children = (
				E1BE1CDF1E895198003B5360 /* AppDelegate.swift */,
				E1BE1CE11E895198003B5360 /* ViewController.swift */,
				E1BE1CE31E895198003B5360 /* Main.storyboard */,
				E1BE1CE61E895198003B5360 /* Assets.xcassets */,
				E1BE1CE81E895198003B5360 /* LaunchScreen.storyboard */,
				E1BE1CEB1E895198003B5360 /* Info.plist */,
			);
			path = Lab;
			sourceTree = "<group>";
		};
		E1BE1CF31E895198003B5360 /* LabTests */ = {
			isa = PBXGroup;
			children = (
				E1BE1CF41E895198003B5360 /* LabTests.swift */,
				E1BE1CF61E895198003B5360 /* Info.plist */,
			);
			path = LabTests;
			sourceTree = "<group>";
		};
		E1BE1CFE1E895198003B5360 /* LabUITests */ = {
			isa = PBXGroup;
			children = (
				E1BE1CFF1E895198003B5360 /* LabUITests.swift */,
				E1BE1D011E895198003B5360 /* Info.plist */,
			);
			path = LabUITests;
			sourceTree = "<group>";
		};
/* End PBXGroup section */

/* Begin PBXNativeTarget section */
		E1BE1CDB1E895198003B5360 /* Lab */ = {
			isa = PBXNativeTarget;
			buildConfigurationList = E1BE1D041E895198003B5360 /* Build configuration list for PBXNativeTarget "Lab" */;
			buildPhases = (
				E1BE1CD81E895198003B5360 /* Sources */,
				E1BE1CD91E895198003B5360 /* Frameworks */,
				E1BE1CDA1E895198003B5360 /* Resources */,
			);
			buildRules = (
			);
			dependencies = (
			);
			name = Lab;
			productName = Lab;
			productReference = E1BE1CDC1E895198003B5360 /* Lab.app */;
			productType = "com.apple.product-type.application";
		};
		E1BE1CEF1E895198003B5360 /* LabTests */ = {
			isa = PBXNativeTarget;
			buildConfigurationList = E1BE1D071E895198003B5360 /* Build configuration list for PBXNativeTarget "LabTests" */;
			buildPhases = (
				E1BE1CEC1E895198003B5360 /* Sources */,
				E1BE1CED1E895198003B5360 /* Frameworks */,
				E1BE1CEE1E895198003B5360 /* Resources */,
			);
			buildRules = (
			);
			dependencies = (
				E1BE1CF21E895198003B5360 /* PBXTargetDependency */,
			);
			name = LabTests;
			productName = LabTests;
			productReference = E1BE1CF01E895198003B5360 /* LabTests.xctest */;
			productType = "com.apple.product-type.bundle.unit-test";
		};
		E1BE1CFA1E895198003B5360 /* LabUITests */ = {
			isa = PBXNativeTarget;
			buildConfigurationList = E1BE1D0A1E895198003B5360 /* Build configuration list for PBXNativeTarget "LabUITests" */;
			buildPhases = (
				E1BE1CF71E895198003B5360 /* Sources */,
				E1BE1CF81E895198003B5360 /* Frameworks */,
				E1BE1CF91E895198003B5360 /* Resources */,
			);
			buildRules = (
			);
			dependencies = (
				E1BE1CFD1E895198003B5360 /* PBXTargetDependency */,
			);
			name = LabUITests;
			productName = LabUITests;
			productReference = E1BE1CFB1E895198003B5360 /* LabUITests.xctest */;
			productType = "com.apple.product-type.bundle.ui-testing";
		};
/* End PBXNativeTarget section */

/* Begin PBXProject section */
		E1BE1CD41E895198003B5360 /* Project object */ = {
			isa = PBXProject;
			attributes = {
				LastSwiftUpdateCheck = 0820;
				LastUpgradeCheck = 0820;
				ORGANIZATIONNAME = IOSLab;
				TargetAttributes = {
					E1BE1CDB1E895198003B5360 = {
						CreatedOnToolsVersion = 8.2.1;
						DevelopmentTeam = 253FZ393HL;
						ProvisioningStyle = Automatic;
					};
					E1BE1CEF1E895198003B5360 = {
						CreatedOnToolsVersion = 8.2.1;
						DevelopmentTeam = 253FZ393HL;
						ProvisioningStyle = Automatic;
						TestTargetID = E1BE1CDB1E895198003B5360;
					};
					E1BE1CFA1E895198003B5360 = {
						CreatedOnToolsVersion = 8.2.1;
						DevelopmentTeam = 253FZ393HL;
						ProvisioningStyle = Automatic;
						TestTargetID = E1BE1CDB1E895198003B5360;
					};
				};
			};
			buildConfigurationList = E1BE1CD71E895198003B5360 /* Build configuration list for PBXProject "Lab" */;
			compatibilityVersion = "Xcode 3.2";
			developmentRegion = English;
			hasScannedForEncodings = 0;
			knownRegions = (
				en,
				Base,
			);
			mainGroup = E1BE1CD31E895198003B5360;
			productRefGroup = E1BE1CDD1E895198003B5360 /* Products */;
			projectDirPath = "";
			projectRoot = "";
			targets = (
				E1BE1CDB1E895198003B5360 /* Lab */,
				E1BE1CEF1E895198003B5360 /* LabTests */,
				E1BE1CFA1E895198003B5360 /* LabUITests */,
			);
		};
/* End PBXProject section */

/* Begin PBXResourcesBuildPhase section */
		E1BE1CDA1E895198003B5360 /* Resources */ = {
			isa = PBXResourcesBuildPhase;
			buildActionMask = 2147483647;
			files = (
				E1BE1CEA1E895198003B5360 /* LaunchScreen.storyboard in Resources */,
				E1BE1CE71E895198003B5360 /* Assets.xcassets in Resources */,
				E1BE1CE51E895198003B5360 /* Main.storyboard in Resources */,
			);
			runOnlyForDeploymentPostprocessing = 0;
		};
		E1BE1CEE1E895198003B5360 /* Resources */ = {
			isa = PBXResourcesBuildPhase;
			buildActionMask = 2147483647;
			files = (
			);
			runOnlyForDeploymentPostprocessing = 0;
		};
		E1BE1CF91E895198003B5360 /* Resources */ = {
			isa = PBXResourcesBuildPhase;
			buildActionMask = 2147483647;
			files = (
			);
			runOnlyForDeploymentPostprocessing = 0;
		};
/* End PBXResourcesBuildPhase section */

/* Begin PBXSourcesBuildPhase section */
		E1BE1CD81E895198003B5360 /* Sources */ = {
			isa = PBXSourcesBuildPhase;
			buildActionMask = 2147483647;
			files = (
				E1BE1CE21E895198003B5360 /* ViewController.swift in Sources */,
				E1BE1CE01E895198003B5360 /* AppDelegate.swift in Sources */,
			);
			runOnlyForDeploymentPostprocessing = 0;
		};
		E1BE1CEC1E895198003B5360 /* Sources */ = {
			isa = PBXSourcesBuildPhase;
			buildActionMask = 2147483647;
			files = (
				E1BE1CF51E895198003B5360 /* LabTests.swift in Sources */,
			);
			runOnlyForDeploymentPostprocessing = 0;
		};
		E1BE1CF71E895198003B5360 /* Sources */ = {
			isa = PBXSourcesBuildPhase;
			buildActionMask = 2147483647;
			files = (
				E1BE1D001E895198003B5360 /* LabUITests.swift in Sources */,
			);
			runOnlyForDeploymentPostprocessing = 0;
		};
/* End PBXSourcesBuildPhase section */

/* Begin PBXTargetDependency section */
		E1BE1CF21E895198003B5360 /* PBXTargetDependency */ = {
			isa = PBXTargetDependency;
			target = E1BE1CDB1E895198003B5360 /* Lab */;
			targetProxy = E1BE1CF11E895198003B5360 /* PBXContainerItemProxy */;
		};
		E1BE1CFD1E895198003B5360 /* PBXTargetDependency */ = {
			isa = PBXTargetDependency;
			target = E1BE1CDB1E895198003B5360 /* Lab */;
			targetProxy = E1BE1CFC1E895198003B5360 /* PBXContainerItemProxy */;
		};
/* End PBXTargetDependency section */

/* Begin PBXVariantGroup section */
		E1BE1CE31E895198003B5360 /* Main.storyboard */ = {
			isa = PBXVariantGroup;
			children = (
				E1BE1CE41E895198003B5360 /* Base */,
			);
			name = Main.storyboard;
			sourceTree = "<group>";
		};
		E1BE1CE81E895198003B5360 /* LaunchScreen.storyboard */ = {
			isa = PBXVariantGroup;
			children = (
				E1BE1CE91E895198003B5360 /* Base */,
			);
			name = LaunchScreen.storyboard;
			sourceTree = "<group>";
		};
/* End PBXVariantGroup section */

/* Begin XCBuildConfiguration section */
		E1BE1D021E895198003B5360 /* Debug */ = {
			isa = XCBuildConfiguration;
			buildSettings = {
				ALWAYS_SEARCH_USER_PATHS = NO;
				CLANG_ANALYZER_NONNULL = YES;
				CLANG_CXX_LANGUAGE_STANDARD = "gnu++0x";
				CLANG_CXX_LIBRARY = "libc++";
				CLANG_ENABLE_MODULES = YES;
				CLANG_ENABLE_OBJC_ARC = YES;
				CLANG_WARN_BOOL_CONVERSION = YES;
				CLANG_WARN_CONSTANT_CONVERSION = YES;
				CLANG_WARN_DIRECT_OBJC_ISA_USAGE = YES_ERROR;
				CLANG_WARN_DOCUMENTATION_COMMENTS = YES;
				CLANG_WARN_EMPTY_BODY = YES;
				CLANG_WARN_ENUM_CONVERSION = YES;
				CLANG_WARN_INFINITE_RECURSION = YES;
				CLANG_WARN_INT_CONVERSION = YES;
				CLANG_WARN_OBJC_ROOT_CLASS = YES_ERROR;
				CLANG_WARN_SUSPICIOUS_MOVE = YES;
				CLANG_WARN_UNREACHABLE_CODE = YES;
				CLANG_WARN__DUPLICATE_METHOD_MATCH = YES;
				"CODE_SIGN_IDENTITY[sdk=iphoneos*]" = "iPhone Developer";
				COPY_PHASE_STRIP = NO;
				DEBUG_INFORMATION_FORMAT = dwarf;
				ENABLE_STRICT_OBJC_MSGSEND = YES;
				ENABLE_TESTABILITY = YES;
				GCC_C_LANGUAGE_STANDARD = gnu99;
				GCC_DYNAMIC_NO_PIC = NO;
				GCC_NO_COMMON_BLOCKS = YES;
				GCC_OPTIMIZATION_LEVEL = 0;
				GCC_PREPROCESSOR_DEFINITIONS = (
					"DEBUG=1",
					"$(inherited)",
				);
				GCC_WARN_64_TO_32_BIT_CONVERSION = YES;
				GCC_WARN_ABOUT_RETURN_TYPE = YES_ERROR;
				GCC_WARN_UNDECLARED_SELECTOR = YES;
				GCC_WARN_UNINITIALIZED_AUTOS = YES_AGGRESSIVE;
				GCC_WARN_UNUSED_FUNCTION = YES;
				GCC_WARN_UNUSED_VARIABLE = YES;
				IPHONEOS_DEPLOYMENT_TARGET = 10.2;
				MTL_ENABLE_DEBUG_INFO = YES;
				ONLY_ACTIVE_ARCH = YES;
				SDKROOT = iphoneos;
				SWIFT_ACTIVE_COMPILATION_CONDITIONS = DEBUG;
				SWIFT_OPTIMIZATION_LEVEL = "-Onone";
				TARGETED_DEVICE_FAMILY = "1,2";
			};
			name = Debug;
		};
		E1BE1D031E895198003B5360 /* Release */ = {
			isa = XCBuildConfiguration;
			buildSettings = {
				ALWAYS_SEARCH_USER_PATHS = NO;
				CLANG_ANALYZER_NONNULL = YES;
				CLANG_CXX_LANGUAGE_STANDARD = "gnu++0x";
				CLANG_CXX_LIBRARY = "libc++";
				CLANG_ENABLE_MODULES = YES;
				CLANG_ENABLE_OBJC_ARC = YES;
				CLANG_WARN_BOOL_CONVERSION = YES;
				CLANG_WARN_CONSTANT_CONVERSION = YES;
				CLANG_WARN_DIRECT_OBJC_ISA_USAGE = YES_ERROR;
				CLANG_WARN_DOCUMENTATION_COMMENTS = YES;
				CLANG_WARN_EMPTY_BODY = YES;
				CLANG_WARN_ENUM_CONVERSION = YES;
				CLANG_WARN_INFINITE_RECURSION = YES;
				CLANG_WARN_INT_CONVERSION = YES;
				CLANG_WARN_OBJC_ROOT_CLASS = YES_ERROR;
				CLANG_WARN_SUSPICIOUS_MOVE = YES;
				CLANG_WARN_UNREACHABLE_CODE = YES;
				CLANG_WARN__DUPLICATE_METHOD_MATCH = YES;
				"CODE_SIGN_IDENTITY[sdk=iphoneos*]" = "iPhone Developer";
				COPY_PHASE_STRIP = NO;
				DEBUG_INFORMATION_FORMAT = "dwarf-with-dsym";
				ENABLE_NS_ASSERTIONS = NO;
				ENABLE_STRICT_OBJC_MSGSEND = YES;
				GCC_C_LANGUAGE_STANDARD = gnu99;
				GCC_NO_COMMON_BLOCKS = YES;
				GCC_WARN_64_TO_32_BIT_CONVERSION = YES;
				GCC_WARN_ABOUT_RETURN_TYPE = YES_ERROR;
				GCC_WARN_UNDECLARED_SELECTOR = YES;
				GCC_WARN_UNINITIALIZED_AUTOS = YES_AGGRESSIVE;
				GCC_WARN_UNUSED_FUNCTION = YES;
				GCC_WARN_UNUSED_VARIABLE = YES;
				IPHONEOS_DEPLOYMENT_TARGET = 10.2;
				MTL_ENABLE_DEBUG_INFO = NO;
				SDKROOT = iphoneos;
				SWIFT_OPTIMIZATION_LEVEL = "-Owholemodule";
				TARGETED_DEVICE_FAMILY = "1,2";
				VALIDATE_PRODUCT = YES;
			};
			name = Release;
		};
		E1BE1D051E895198003B5360 /* Debug */ = {
			isa = XCBuildConfiguration;
			buildSettings = {
				ASSETCATALOG_COMPILER_APPICON_NAME = AppIcon;
				DEVELOPMENT_TEAM = 253FZ393HL;
				INFOPLIST_FILE = Lab/Info.plist;
				LD_RUNPATH_SEARCH_PATHS = "$(inherited) @executable_path/Frameworks";
				PRODUCT_BUNDLE_IDENTIFIER = ru.itis.ioslab.Lab;
				PRODUCT_NAME = "$(TARGET_NAME)";
				SWIFT_VERSION = 3.0;
			};
			name = Debug;
		};
		E1BE1D061E895198003B5360 /* Release */ = {
			isa = XCBuildConfiguration;
			buildSettings = {
				ASSETCATALOG_COMPILER_APPICON_NAME = AppIcon;
				DEVELOPMENT_TEAM = 253FZ393HL;
				INFOPLIST_FILE = Lab/Info.plist;
				LD_RUNPATH_SEARCH_PATHS = "$(inherited) @executable_path/Frameworks";
				PRODUCT_BUNDLE_IDENTIFIER = ru.itis.ioslab.Lab;
				PRODUCT_NAME = "$(TARGET_NAME)";
				SWIFT_VERSION = 3.0;
			};
			name = Release;
		};
		E1BE1D081E895198003B5360 /* Debug */ = {
			isa = XCBuildConfiguration;
			buildSettings = {
				ALWAYS_EMBED_SWIFT_STANDARD_LIBRARIES = YES;
				BUNDLE_LOADER = "$(TEST_HOST)";
				DEVELOPMENT_TEAM = 253FZ393HL;
				INFOPLIST_FILE = LabTests/Info.plist;
				LD_RUNPATH_SEARCH_PATHS = "$(inherited) @executable_path/Frameworks @loader_path/Frameworks";
				PRODUCT_BUNDLE_IDENTIFIER = ru.itis.ioslab.LabTests;
				PRODUCT_NAME = "$(TARGET_NAME)";
				SWIFT_VERSION = 3.0;
				TEST_HOST = "$(BUILT_PRODUCTS_DIR)/Lab.app/Lab";
			};
			name = Debug;
		};
		E1BE1D091E895198003B5360 /* Release */ = {
			isa = XCBuildConfiguration;
			buildSettings = {
				ALWAYS_EMBED_SWIFT_STANDARD_LIBRARIES = YES;
				BUNDLE_LOADER = "$(TEST_HOST)";
				DEVELOPMENT_TEAM = 253FZ393HL;
				INFOPLIST_FILE = LabTests/Info.plist;
				LD_RUNPATH_SEARCH_PATHS = "$(inherited) @executable_path/Frameworks @loader_path/Frameworks";
				PRODUCT_BUNDLE_IDENTIFIER = ru.itis.ioslab.LabTests;
				PRODUCT_NAME = "$(TARGET_NAME)";
				SWIFT_VERSION = 3.0;
				TEST_HOST = "$(BUILT_PRODUCTS_DIR)/Lab.app/Lab";
			};
			name = Release;
		};
		E1BE1D0B1E895198003B5360 /* Debug */ = {
			isa = XCBuildConfiguration;
			buildSettings = {
				ALWAYS_EMBED_SWIFT_STANDARD_LIBRARIES = YES;
				DEVELOPMENT_TEAM = 253FZ393HL;
				INFOPLIST_FILE = LabUITests/Info.plist;
				LD_RUNPATH_SEARCH_PATHS = "$(inherited) @executable_path/Frameworks @loader_path/Frameworks";
				PRODUCT_BUNDLE_IDENTIFIER = ru.itis.ioslab.LabUITests;
				PRODUCT_NAME = "$(TARGET_NAME)";
				SWIFT_VERSION = 3.0;
				TEST_TARGET_NAME = Lab;
			};
			name = Debug;
		};
		E1BE1D0C1E895198003B5360 /* Release */ = {
			isa = XCBuildConfiguration;
			buildSettings = {
				ALWAYS_EMBED_SWIFT_STANDARD_LIBRARIES = YES;
				DEVELOPMENT_TEAM = 253FZ393HL;
				INFOPLIST_FILE = LabUITests/Info.plist;
				LD_RUNPATH_SEARCH_PATHS = "$(inherited) @executable_path/Frameworks @loader_path/Frameworks";
				PRODUCT_BUNDLE_IDENTIFIER = ru.itis.ioslab.LabUITests;
				PRODUCT_NAME = "$(TARGET_NAME)";
				SWIFT_VERSION = 3.0;
				TEST_TARGET_NAME = Lab;
			};
			name = Release;
		};
/* End XCBuildConfiguration section */

/* Begin XCConfigurationList section */
		E1BE1CD71E895198003B5360 /* Build configuration list for PBXProject "Lab" */ = {
			isa = XCConfigurationList;
			buildConfigurations = (
				E1BE1D021E895198003B5360 /* Debug */,
				E1BE1D031E895198003B5360 /* Release */,
			);
			defaultConfigurationIsVisible = 0;
			defaultConfigurationName = Release;
		};
		E1BE1D041E895198003B5360 /* Build configuration list for PBXNativeTarget "Lab" */ = {
			isa = XCConfigurationList;
			buildConfigurations = (
				E1BE1D051E895198003B5360 /* Debug */,
				E1BE1D061E895198003B5360 /* Release */,
			);
			defaultConfigurationIsVisible = 0;
		};
		E1BE1D071E895198003B5360 /* Build configuration list for PBXNativeTarget "LabTests" */ = {
			isa = XCConfigurationList;
			buildConfigurations = (
				E1BE1D081E895198003B5360 /* Debug */,
				E1BE1D091E895198003B5360 /* Release */,
			);
			defaultConfigurationIsVisible = 0;
		};
		E1BE1D0A1E895198003B5360 /* Build configuration list for PBXNativeTarget "LabUITests" */ = {
			isa = XCConfigurationList;
			buildConfigurations = (
				E1BE1D0B1E895198003B5360 /* Debug */,
				E1BE1D0C1E895198003B5360 /* Release */,
			);
			defaultConfigurationIsVisible = 0;
		};
/* End XCConfigurationList section */
	};
	rootObject = E1BE1CD41E895198003B5360 /* Project object */;
}
